
Microsoft Visual Studio Solution File, Format Version 12.00
# Visual Studio Version 17
VisualStudioVersion = 17.2.32526.322
MinimumVisualStudioVersion = 10.0.40219.1
Project("{FAE04EC0-301F-11D3-BF4B-00C04F79EFBC}") = "Ciceruesi", "Ciceruesi\Ciceruesi.csproj", "{FA1C8DD7-50D1-4808-9880-4216F8D33887}"
EndProject
Global
	GlobalSection(SolutionConfigurationPlatforms) = preSolution
		Debug|Any CPU = Debug|Any CPU
		Release|Any CPU = Release|Any CPU
	EndGlobalSection
	GlobalSection(ProjectConfigurationPlatforms) = postSolution
		{FA1C8DD7-50D1-4808-9880-4216F8D33887}.Debug|Any CPU.ActiveCfg = Debug|Any CPU
		{FA1C8DD7-50D1-4808-9880-4216F8D33887}.Debug|Any CPU.Build.0 = Debug|Any CPU
		{FA1C8DD7-50D1-4808-9880-4216F8D33887}.Release|Any CPU.ActiveCfg = Release|Any CPU
		{FA1C8DD7-50D1-4808-9880-4216F8D33887}.Release|Any CPU.Build.0 = Release|Any CPU
	EndGlobalSection
	GlobalSection(SolutionProperties) = preSolution
		HideSolutionNode = FALSE
	EndGlobalSection
	GlobalSection(ExtensibilityGlobals) = postSolution
		SolutionGuid = {F79DA682-CD0C-4FB9-A4B7-2788E5E60E8C}
	EndGlobalSection
EndGlobal
